
Microsoft Visual Studio Solution File, Format Version 12.00
# Visual Studio Version 17
VisualStudioVersion = 17.8.34330.188
MinimumVisualStudioVersion = 10.0.40219.1
Project("{FAE04EC0-301F-11D3-BF4B-00C04F79EFBC}") = "VueApp.Server", "VueApp\VueApp.Server\VueApp.Server.csproj", "{BBA58375-2002-48D5-AA82-D5A710DF946C}"
EndProject
Project("{54A90642-561A-4BB1-A94E-469ADEE60C69}") = "vueapp.client", "VueApp\vueapp.client\vueapp.client.esproj", "{EA16DE6D-FF63-428A-A85F-DC0CCDCED8E5}"
EndProject
Global
	GlobalSection(SolutionConfigurationPlatforms) = preSolution
		Debug|Any CPU = Debug|Any CPU
		Release|Any CPU = Release|Any CPU
	EndGlobalSection
	GlobalSection(ProjectConfigurationPlatforms) = postSolution
		{BBA58375-2002-48D5-AA82-D5A710DF946C}.Debug|Any CPU.ActiveCfg = Debug|Any CPU
		{BBA58375-2002-48D5-AA82-D5A710DF946C}.Debug|Any CPU.Build.0 = Debug|Any CPU
		{BBA58375-2002-48D5-AA82-D5A710DF946C}.Release|Any CPU.ActiveCfg = Release|Any CPU
		{BBA58375-2002-48D5-AA82-D5A710DF946C}.Release|Any CPU.Build.0 = Release|Any CPU
		{EA16DE6D-FF63-428A-A85F-DC0CCDCED8E5}.Debug|Any CPU.ActiveCfg = Debug|Any CPU
		{EA16DE6D-FF63-428A-A85F-DC0CCDCED8E5}.Debug|Any CPU.Build.0 = Debug|Any CPU
		{EA16DE6D-FF63-428A-A85F-DC0CCDCED8E5}.Debug|Any CPU.Deploy.0 = Debug|Any CPU
		{EA16DE6D-FF63-428A-A85F-DC0CCDCED8E5}.Release|Any CPU.ActiveCfg = Release|Any CPU
		{EA16DE6D-FF63-428A-A85F-DC0CCDCED8E5}.Release|Any CPU.Build.0 = Release|Any CPU
		{EA16DE6D-FF63-428A-A85F-DC0CCDCED8E5}.Release|Any CPU.Deploy.0 = Release|Any CPU
	EndGlobalSection
	GlobalSection(SolutionProperties) = preSolution
		HideSolutionNode = FALSE
	EndGlobalSection
	GlobalSection(ExtensibilityGlobals) = postSolution
		SolutionGuid = {972E7277-4D75-4F3F-89A1-944D9C57C07A}
	EndGlobalSection
EndGlobal
